
Microsoft Visual Studio Solution File, Format Version 12.00
# Visual Studio Version 17
VisualStudioVersion = 17.2.32505.173
MinimumVisualStudioVersion = 10.0.40219.1
Project("{2150E333-8FDC-42A3-9474-1A3956D46DE8}") = "Services", "Services", "{819AF3B7-3233-4452-9395-0A61371187AF}"
EndProject
Project("{2150E333-8FDC-42A3-9474-1A3956D46DE8}") = "Catalog", "Catalog", "{F6121754-5E09-456F-A838-AD00304B5B63}"
EndProject
Project("{9A19103F-16F7-4668-BE54-9A1E7A4F7556}") = "Catalog.API", "Services\Catalog\Catalog.API\Catalog.API.csproj", "{5EB4847A-7542-444F-8D29-47F87DCBFC2D}"
EndProject
Project("{E53339B2-1760-4266-BCC7-CA923CBCF16C}") = "docker-compose", "docker-compose.dcproj", "{850224A2-25FB-4606-B87D-EA9CDD9F2C77}"
EndProject
Project("{2150E333-8FDC-42A3-9474-1A3956D46DE8}") = "Basket", "Basket", "{3070CC25-1EAA-47F7-8C70-EDF3BD3D4398}"
EndProject
Project("{FAE04EC0-301F-11D3-BF4B-00C04F79EFBC}") = "Basket.API", "Services\Basket\Basket.API\Basket.API.csproj", "{A37BF11D-694D-469D-9F6F-DA92C1367FAE}"
EndProject
Global
	GlobalSection(SolutionConfigurationPlatforms) = preSolution
		Debug|Any CPU = Debug|Any CPU
		Release|Any CPU = Release|Any CPU
	EndGlobalSection
	GlobalSection(ProjectConfigurationPlatforms) = postSolution
		{5EB4847A-7542-444F-8D29-47F87DCBFC2D}.Debug|Any CPU.ActiveCfg = Debug|Any CPU
		{5EB4847A-7542-444F-8D29-47F87DCBFC2D}.Debug|Any CPU.Build.0 = Debug|Any CPU
		{5EB4847A-7542-444F-8D29-47F87DCBFC2D}.Release|Any CPU.ActiveCfg = Release|Any CPU
		{5EB4847A-7542-444F-8D29-47F87DCBFC2D}.Release|Any CPU.Build.0 = Release|Any CPU
		{850224A2-25FB-4606-B87D-EA9CDD9F2C77}.Debug|Any CPU.ActiveCfg = Debug|Any CPU
		{850224A2-25FB-4606-B87D-EA9CDD9F2C77}.Debug|Any CPU.Build.0 = Debug|Any CPU
		{850224A2-25FB-4606-B87D-EA9CDD9F2C77}.Release|Any CPU.ActiveCfg = Release|Any CPU
		{850224A2-25FB-4606-B87D-EA9CDD9F2C77}.Release|Any CPU.Build.0 = Release|Any CPU
		{A37BF11D-694D-469D-9F6F-DA92C1367FAE}.Debug|Any CPU.ActiveCfg = Debug|Any CPU
		{A37BF11D-694D-469D-9F6F-DA92C1367FAE}.Debug|Any CPU.Build.0 = Debug|Any CPU
		{A37BF11D-694D-469D-9F6F-DA92C1367FAE}.Release|Any CPU.ActiveCfg = Release|Any CPU
		{A37BF11D-694D-469D-9F6F-DA92C1367FAE}.Release|Any CPU.Build.0 = Release|Any CPU
	EndGlobalSection
	GlobalSection(SolutionProperties) = preSolution
		HideSolutionNode = FALSE
	EndGlobalSection
	GlobalSection(NestedProjects) = preSolution
		{F6121754-5E09-456F-A838-AD00304B5B63} = {819AF3B7-3233-4452-9395-0A61371187AF}
		{5EB4847A-7542-444F-8D29-47F87DCBFC2D} = {F6121754-5E09-456F-A838-AD00304B5B63}
		{3070CC25-1EAA-47F7-8C70-EDF3BD3D4398} = {819AF3B7-3233-4452-9395-0A61371187AF}
		{A37BF11D-694D-469D-9F6F-DA92C1367FAE} = {3070CC25-1EAA-47F7-8C70-EDF3BD3D4398}
	EndGlobalSection
	GlobalSection(ExtensibilityGlobals) = postSolution
		SolutionGuid = {F3E0F104-20AF-4577-9E62-BA3399FE2960}
	EndGlobalSection
EndGlobal
