
Microsoft Visual Studio Solution File, Format Version 12.00
# Visual Studio Version 17
VisualStudioVersion = 17.2.32505.173
MinimumVisualStudioVersion = 10.0.40219.1
Project("{2150E333-8FDC-42A3-9474-1A3956D46DE8}") = "Services", "Services", "{819AF3B7-3233-4452-9395-0A61371187AF}"
EndProject
Project("{2150E333-8FDC-42A3-9474-1A3956D46DE8}") = "Catalog", "Catalog", "{F6121754-5E09-456F-A838-AD00304B5B63}"
EndProject
Project("{9A19103F-16F7-4668-BE54-9A1E7A4F7556}") = "Catalog.API", "Services\Catalog\Catalog.API\Catalog.API.csproj", "{5EB4847A-7542-444F-8D29-47F87DCBFC2D}"
EndProject
Project("{E53339B2-1760-4266-BCC7-CA923CBCF16C}") = "docker-compose", "docker-compose.dcproj", "{850224A2-25FB-4606-B87D-EA9CDD9F2C77}"
EndProject
Project("{2150E333-8FDC-42A3-9474-1A3956D46DE8}") = "Basket", "Basket", "{3070CC25-1EAA-47F7-8C70-EDF3BD3D4398}"
EndProject
Project("{9A19103F-16F7-4668-BE54-9A1E7A4F7556}") = "Basket.API", "Services\Basket\Basket.API\Basket.API.csproj", "{A37BF11D-694D-469D-9F6F-DA92C1367FAE}"
EndProject
Project("{2150E333-8FDC-42A3-9474-1A3956D46DE8}") = "Discount", "Discount", "{E9F3B4ED-92B4-4E95-B0DA-2FE11A2E666D}"
EndProject
Project("{9A19103F-16F7-4668-BE54-9A1E7A4F7556}") = "Discount.API", "Services\Discount\Discount.API\Discount.API.csproj", "{A1C18088-04E4-477A-9E1F-87B788FAB658}"
EndProject
Project("{9A19103F-16F7-4668-BE54-9A1E7A4F7556}") = "Discount.Grpc", "Services\Discount\Discount.Grpc\Discount.Grpc.csproj", "{C84DE242-A346-4E07-8CA9-8F348D58D3C5}"
EndProject
Project("{2150E333-8FDC-42A3-9474-1A3956D46DE8}") = "Ordering", "Ordering", "{0EF0D3EF-2449-486A-8A53-42C028092692}"
EndProject
Project("{FAE04EC0-301F-11D3-BF4B-00C04F79EFBC}") = "Ordering.API", "Services\Ordering\Ordering.API\Ordering.API.csproj", "{6270E5E4-4FBE-49A6-825E-9BBB4DA1B3BE}"
EndProject
Project("{FAE04EC0-301F-11D3-BF4B-00C04F79EFBC}") = "Ordering.Domain", "Services\Ordering\Ordering.Domain\Ordering.Domain.csproj", "{2BB7A54D-8BF8-4D32-A258-F704F2C78541}"
EndProject
Project("{FAE04EC0-301F-11D3-BF4B-00C04F79EFBC}") = "Ordering.Application", "Services\Ordering\Ordering.Application\Ordering.Application.csproj", "{298CC61E-9902-4370-8C57-D9441776DA98}"
EndProject
Project("{9A19103F-16F7-4668-BE54-9A1E7A4F7556}") = "Ordering.Infrastructure", "Services\Ordering\Ordering.Infrastructure\Ordering.Infrastructure.csproj", "{797F0013-03D7-44AD-A6E5-4AA6D2E85D0E}"
EndProject
Global
	GlobalSection(SolutionConfigurationPlatforms) = preSolution
		Debug|Any CPU = Debug|Any CPU
		Release|Any CPU = Release|Any CPU
	EndGlobalSection
	GlobalSection(ProjectConfigurationPlatforms) = postSolution
		{5EB4847A-7542-444F-8D29-47F87DCBFC2D}.Debug|Any CPU.ActiveCfg = Debug|Any CPU
		{5EB4847A-7542-444F-8D29-47F87DCBFC2D}.Debug|Any CPU.Build.0 = Debug|Any CPU
		{5EB4847A-7542-444F-8D29-47F87DCBFC2D}.Release|Any CPU.ActiveCfg = Release|Any CPU
		{5EB4847A-7542-444F-8D29-47F87DCBFC2D}.Release|Any CPU.Build.0 = Release|Any CPU
		{850224A2-25FB-4606-B87D-EA9CDD9F2C77}.Debug|Any CPU.ActiveCfg = Debug|Any CPU
		{850224A2-25FB-4606-B87D-EA9CDD9F2C77}.Debug|Any CPU.Build.0 = Debug|Any CPU
		{850224A2-25FB-4606-B87D-EA9CDD9F2C77}.Release|Any CPU.ActiveCfg = Release|Any CPU
		{850224A2-25FB-4606-B87D-EA9CDD9F2C77}.Release|Any CPU.Build.0 = Release|Any CPU
		{A37BF11D-694D-469D-9F6F-DA92C1367FAE}.Debug|Any CPU.ActiveCfg = Debug|Any CPU
		{A37BF11D-694D-469D-9F6F-DA92C1367FAE}.Debug|Any CPU.Build.0 = Debug|Any CPU
		{A37BF11D-694D-469D-9F6F-DA92C1367FAE}.Release|Any CPU.ActiveCfg = Release|Any CPU
		{A37BF11D-694D-469D-9F6F-DA92C1367FAE}.Release|Any CPU.Build.0 = Release|Any CPU
		{A1C18088-04E4-477A-9E1F-87B788FAB658}.Debug|Any CPU.ActiveCfg = Debug|Any CPU
		{A1C18088-04E4-477A-9E1F-87B788FAB658}.Debug|Any CPU.Build.0 = Debug|Any CPU
		{A1C18088-04E4-477A-9E1F-87B788FAB658}.Release|Any CPU.ActiveCfg = Release|Any CPU
		{A1C18088-04E4-477A-9E1F-87B788FAB658}.Release|Any CPU.Build.0 = Release|Any CPU
		{C84DE242-A346-4E07-8CA9-8F348D58D3C5}.Debug|Any CPU.ActiveCfg = Debug|Any CPU
		{C84DE242-A346-4E07-8CA9-8F348D58D3C5}.Debug|Any CPU.Build.0 = Debug|Any CPU
		{C84DE242-A346-4E07-8CA9-8F348D58D3C5}.Release|Any CPU.ActiveCfg = Release|Any CPU
		{C84DE242-A346-4E07-8CA9-8F348D58D3C5}.Release|Any CPU.Build.0 = Release|Any CPU
		{6270E5E4-4FBE-49A6-825E-9BBB4DA1B3BE}.Debug|Any CPU.ActiveCfg = Debug|Any CPU
		{6270E5E4-4FBE-49A6-825E-9BBB4DA1B3BE}.Debug|Any CPU.Build.0 = Debug|Any CPU
		{6270E5E4-4FBE-49A6-825E-9BBB4DA1B3BE}.Release|Any CPU.ActiveCfg = Release|Any CPU
		{6270E5E4-4FBE-49A6-825E-9BBB4DA1B3BE}.Release|Any CPU.Build.0 = Release|Any CPU
		{2BB7A54D-8BF8-4D32-A258-F704F2C78541}.Debug|Any CPU.ActiveCfg = Debug|Any CPU
		{2BB7A54D-8BF8-4D32-A258-F704F2C78541}.Debug|Any CPU.Build.0 = Debug|Any CPU
		{2BB7A54D-8BF8-4D32-A258-F704F2C78541}.Release|Any CPU.ActiveCfg = Release|Any CPU
		{2BB7A54D-8BF8-4D32-A258-F704F2C78541}.Release|Any CPU.Build.0 = Release|Any CPU
		{298CC61E-9902-4370-8C57-D9441776DA98}.Debug|Any CPU.ActiveCfg = Debug|Any CPU
		{298CC61E-9902-4370-8C57-D9441776DA98}.Debug|Any CPU.Build.0 = Debug|Any CPU
		{298CC61E-9902-4370-8C57-D9441776DA98}.Release|Any CPU.ActiveCfg = Release|Any CPU
		{298CC61E-9902-4370-8C57-D9441776DA98}.Release|Any CPU.Build.0 = Release|Any CPU
		{797F0013-03D7-44AD-A6E5-4AA6D2E85D0E}.Debug|Any CPU.ActiveCfg = Debug|Any CPU
		{797F0013-03D7-44AD-A6E5-4AA6D2E85D0E}.Debug|Any CPU.Build.0 = Debug|Any CPU
		{797F0013-03D7-44AD-A6E5-4AA6D2E85D0E}.Release|Any CPU.ActiveCfg = Release|Any CPU
		{797F0013-03D7-44AD-A6E5-4AA6D2E85D0E}.Release|Any CPU.Build.0 = Release|Any CPU
	EndGlobalSection
	GlobalSection(SolutionProperties) = preSolution
		HideSolutionNode = FALSE
	EndGlobalSection
	GlobalSection(NestedProjects) = preSolution
		{F6121754-5E09-456F-A838-AD00304B5B63} = {819AF3B7-3233-4452-9395-0A61371187AF}
		{5EB4847A-7542-444F-8D29-47F87DCBFC2D} = {F6121754-5E09-456F-A838-AD00304B5B63}
		{3070CC25-1EAA-47F7-8C70-EDF3BD3D4398} = {819AF3B7-3233-4452-9395-0A61371187AF}
		{A37BF11D-694D-469D-9F6F-DA92C1367FAE} = {3070CC25-1EAA-47F7-8C70-EDF3BD3D4398}
		{E9F3B4ED-92B4-4E95-B0DA-2FE11A2E666D} = {819AF3B7-3233-4452-9395-0A61371187AF}
		{A1C18088-04E4-477A-9E1F-87B788FAB658} = {E9F3B4ED-92B4-4E95-B0DA-2FE11A2E666D}
		{C84DE242-A346-4E07-8CA9-8F348D58D3C5} = {E9F3B4ED-92B4-4E95-B0DA-2FE11A2E666D}
		{0EF0D3EF-2449-486A-8A53-42C028092692} = {819AF3B7-3233-4452-9395-0A61371187AF}
		{6270E5E4-4FBE-49A6-825E-9BBB4DA1B3BE} = {0EF0D3EF-2449-486A-8A53-42C028092692}
		{2BB7A54D-8BF8-4D32-A258-F704F2C78541} = {0EF0D3EF-2449-486A-8A53-42C028092692}
		{298CC61E-9902-4370-8C57-D9441776DA98} = {0EF0D3EF-2449-486A-8A53-42C028092692}
		{797F0013-03D7-44AD-A6E5-4AA6D2E85D0E} = {0EF0D3EF-2449-486A-8A53-42C028092692}
	EndGlobalSection
	GlobalSection(ExtensibilityGlobals) = postSolution
		SolutionGuid = {F3E0F104-20AF-4577-9E62-BA3399FE2960}
	EndGlobalSection
EndGlobal
